
Microsoft Visual Studio Solution File, Format Version 12.00
# Visual Studio 15
VisualStudioVersion = 15.0.28307.168
MinimumVisualStudioVersion = 10.0.40219.1
Project("{FAE04EC0-301F-11D3-BF4B-00C04F79EFBC}") = "exportExcel_CSV", "exportExcel_CSV\exportExcel_CSV.csproj", "{56C83A3C-532B-4B95-B581-852BDEFAFEA6}"
EndProject
Global
	GlobalSection(SolutionConfigurationPlatforms) = preSolution
		Debug|Any CPU = Debug|Any CPU
		Release|Any CPU = Release|Any CPU
	EndGlobalSection
	GlobalSection(ProjectConfigurationPlatforms) = postSolution
		{56C83A3C-532B-4B95-B581-852BDEFAFEA6}.Debug|Any CPU.ActiveCfg = Debug|Any CPU
		{56C83A3C-532B-4B95-B581-852BDEFAFEA6}.Debug|Any CPU.Build.0 = Debug|Any CPU
		{56C83A3C-532B-4B95-B581-852BDEFAFEA6}.Release|Any CPU.ActiveCfg = Release|Any CPU
		{56C83A3C-532B-4B95-B581-852BDEFAFEA6}.Release|Any CPU.Build.0 = Release|Any CPU
	EndGlobalSection
	GlobalSection(SolutionProperties) = preSolution
		HideSolutionNode = FALSE
	EndGlobalSection
	GlobalSection(ExtensibilityGlobals) = postSolution
		SolutionGuid = {481F6CC2-EC60-42EB-9ECC-61473E3ED0B0}
	EndGlobalSection
EndGlobal
